
Microsoft Visual Studio Solution File, Format Version 12.00
# Visual Studio Version 17
VisualStudioVersion = 17.4.32912.340
MinimumVisualStudioVersion = 10.0.40219.1
Project("{9A19103F-16F7-4668-BE54-9A1E7A4F7556}") = "GitHubLibrary", "GitHubLibrary.csproj", "{5F56D410-2C5E-4B67-89B8-EB11B49950A5}"
EndProject
Global
	GlobalSection(SolutionConfigurationPlatforms) = preSolution
		Debug|Any CPU = Debug|Any CPU
		Release|Any CPU = Release|Any CPU
	EndGlobalSection
	GlobalSection(ProjectConfigurationPlatforms) = postSolution
		{5F56D410-2C5E-4B67-89B8-EB11B49950A5}.Debug|Any CPU.ActiveCfg = Debug|Any CPU
		{5F56D410-2C5E-4B67-89B8-EB11B49950A5}.Debug|Any CPU.Build.0 = Debug|Any CPU
		{5F56D410-2C5E-4B67-89B8-EB11B49950A5}.Release|Any CPU.ActiveCfg = Release|Any CPU
		{5F56D410-2C5E-4B67-89B8-EB11B49950A5}.Release|Any CPU.Build.0 = Release|Any CPU
	EndGlobalSection
	GlobalSection(SolutionProperties) = preSolution
		HideSolutionNode = FALSE
	EndGlobalSection
	GlobalSection(ExtensibilityGlobals) = postSolution
		SolutionGuid = {7FEA81F8-D212-4841-B659-54630DBC60F3}
	EndGlobalSection
EndGlobal
